
Microsoft Visual Studio Solution File, Format Version 12.00
# Visual Studio Version 17
VisualStudioVersion = 17.0.31912.275
MinimumVisualStudioVersion = 10.0.40219.1
Project("{2150E333-8FDC-42A3-9474-1A3956D46DE8}") = "src", "src", "{16003D36-1637-4824-88CC-CF572F396664}"
EndProject
Project("{2150E333-8FDC-42A3-9474-1A3956D46DE8}") = "test", "test", "{7CE1CAD5-8265-4763-B241-D07CB3B98ED0}"
EndProject
Project("{9A19103F-16F7-4668-BE54-9A1E7A4F7556}") = "UnitTests", "test\UnitTests\UnitTests.csproj", "{A6D2D354-9266-4CF0-B908-91519506D688}"
EndProject
Project("{9A19103F-16F7-4668-BE54-9A1E7A4F7556}") = "Domain", "src\Domain\Domain.csproj", "{25D5ABF8-94D8-4BB5-8097-4D2A45EFE7BE}"
EndProject
Project("{9A19103F-16F7-4668-BE54-9A1E7A4F7556}") = "Infrastructure", "src\Infrastructure\Infrastructure.csproj", "{01A2D67C-B7B1-44B7-A2AF-7334593EF3BF}"
EndProject
Project("{9A19103F-16F7-4668-BE54-9A1E7A4F7556}") = "Application", "src\Application\Application.csproj", "{3F39FC67-6D0F-497D-A6C4-27CA7F9447E0}"
EndProject
Project("{2150E333-8FDC-42A3-9474-1A3956D46DE8}") = "Solution Items", "Solution Items", "{3178F92C-A374-4671-9F5F-CF6C1439905A}"
	ProjectSection(SolutionItems) = preProject
		.editorconfig = .editorconfig
	EndProjectSection
EndProject
Project("{FAE04EC0-301F-11D3-BF4B-00C04F79EFBC}") = "IntegrationTests", "test\IntegrationTests\IntegrationTests.csproj", "{FAD7984F-522D-4229-8F37-D2DAEBADE75D}"
EndProject
Global
	GlobalSection(SolutionConfigurationPlatforms) = preSolution
		Debug|Any CPU = Debug|Any CPU
		Release|Any CPU = Release|Any CPU
	EndGlobalSection
	GlobalSection(ProjectConfigurationPlatforms) = postSolution
		{A6D2D354-9266-4CF0-B908-91519506D688}.Debug|Any CPU.ActiveCfg = Debug|Any CPU
		{A6D2D354-9266-4CF0-B908-91519506D688}.Debug|Any CPU.Build.0 = Debug|Any CPU
		{A6D2D354-9266-4CF0-B908-91519506D688}.Release|Any CPU.ActiveCfg = Release|Any CPU
		{A6D2D354-9266-4CF0-B908-91519506D688}.Release|Any CPU.Build.0 = Release|Any CPU
		{25D5ABF8-94D8-4BB5-8097-4D2A45EFE7BE}.Debug|Any CPU.ActiveCfg = Debug|Any CPU
		{25D5ABF8-94D8-4BB5-8097-4D2A45EFE7BE}.Debug|Any CPU.Build.0 = Debug|Any CPU
		{25D5ABF8-94D8-4BB5-8097-4D2A45EFE7BE}.Release|Any CPU.ActiveCfg = Release|Any CPU
		{25D5ABF8-94D8-4BB5-8097-4D2A45EFE7BE}.Release|Any CPU.Build.0 = Release|Any CPU
		{01A2D67C-B7B1-44B7-A2AF-7334593EF3BF}.Debug|Any CPU.ActiveCfg = Debug|Any CPU
		{01A2D67C-B7B1-44B7-A2AF-7334593EF3BF}.Debug|Any CPU.Build.0 = Debug|Any CPU
		{01A2D67C-B7B1-44B7-A2AF-7334593EF3BF}.Release|Any CPU.ActiveCfg = Release|Any CPU
		{01A2D67C-B7B1-44B7-A2AF-7334593EF3BF}.Release|Any CPU.Build.0 = Release|Any CPU
		{3F39FC67-6D0F-497D-A6C4-27CA7F9447E0}.Debug|Any CPU.ActiveCfg = Debug|Any CPU
		{3F39FC67-6D0F-497D-A6C4-27CA7F9447E0}.Debug|Any CPU.Build.0 = Debug|Any CPU
		{3F39FC67-6D0F-497D-A6C4-27CA7F9447E0}.Release|Any CPU.ActiveCfg = Release|Any CPU
		{3F39FC67-6D0F-497D-A6C4-27CA7F9447E0}.Release|Any CPU.Build.0 = Release|Any CPU
		{FAD7984F-522D-4229-8F37-D2DAEBADE75D}.Debug|Any CPU.ActiveCfg = Debug|Any CPU
		{FAD7984F-522D-4229-8F37-D2DAEBADE75D}.Debug|Any CPU.Build.0 = Debug|Any CPU
		{FAD7984F-522D-4229-8F37-D2DAEBADE75D}.Release|Any CPU.ActiveCfg = Release|Any CPU
		{FAD7984F-522D-4229-8F37-D2DAEBADE75D}.Release|Any CPU.Build.0 = Release|Any CPU
	EndGlobalSection
	GlobalSection(SolutionProperties) = preSolution
		HideSolutionNode = FALSE
	EndGlobalSection
	GlobalSection(NestedProjects) = preSolution
		{A6D2D354-9266-4CF0-B908-91519506D688} = {7CE1CAD5-8265-4763-B241-D07CB3B98ED0}
		{25D5ABF8-94D8-4BB5-8097-4D2A45EFE7BE} = {16003D36-1637-4824-88CC-CF572F396664}
		{01A2D67C-B7B1-44B7-A2AF-7334593EF3BF} = {16003D36-1637-4824-88CC-CF572F396664}
		{3F39FC67-6D0F-497D-A6C4-27CA7F9447E0} = {16003D36-1637-4824-88CC-CF572F396664}
		{FAD7984F-522D-4229-8F37-D2DAEBADE75D} = {7CE1CAD5-8265-4763-B241-D07CB3B98ED0}
	EndGlobalSection
	GlobalSection(ExtensibilityGlobals) = postSolution
		SolutionGuid = {C50DB1D4-3A63-4F41-BA2F-46F196E5737C}
	EndGlobalSection
EndGlobal
