
Microsoft Visual Studio Solution File, Format Version 12.00
# Visual Studio Version 16
VisualStudioVersion = 16.0.31205.134
MinimumVisualStudioVersion = 10.0.40219.1
Project("{FAE04EC0-301F-11D3-BF4B-00C04F79EFBC}") = "CleanTracker", "CleanTracker\CleanTracker.csproj", "{C8ED9B2A-0E09-4B16-AB40-647B4AFD201C}"
EndProject
Global
	GlobalSection(SolutionConfigurationPlatforms) = preSolution
		Debug|Any CPU = Debug|Any CPU
		Release|Any CPU = Release|Any CPU
	EndGlobalSection
	GlobalSection(ProjectConfigurationPlatforms) = postSolution
		{C8ED9B2A-0E09-4B16-AB40-647B4AFD201C}.Debug|Any CPU.ActiveCfg = Debug|Any CPU
		{C8ED9B2A-0E09-4B16-AB40-647B4AFD201C}.Debug|Any CPU.Build.0 = Debug|Any CPU
		{C8ED9B2A-0E09-4B16-AB40-647B4AFD201C}.Release|Any CPU.ActiveCfg = Release|Any CPU
		{C8ED9B2A-0E09-4B16-AB40-647B4AFD201C}.Release|Any CPU.Build.0 = Release|Any CPU
	EndGlobalSection
	GlobalSection(SolutionProperties) = preSolution
		HideSolutionNode = FALSE
	EndGlobalSection
	GlobalSection(ExtensibilityGlobals) = postSolution
		SolutionGuid = {C50DB1D4-3A63-4F41-BA2F-46F196E5737C}
	EndGlobalSection
EndGlobal
